
Microsoft Visual Studio Solution File, Format Version 12.00
# Visual Studio Version 17
VisualStudioVersion = 17.0.31903.59
MinimumVisualStudioVersion = 10.0.40219.1
Project("{2150E333-8FDC-42A3-9474-1A3956D46DE8}") = "src", "src", "{827E0CD3-B72D-47B6-A68D-7590B98EB39B}"
EndProject
Project("{FAE04EC0-301F-11D3-BF4B-00C04F79EFBC}") = "Waao.Domain.Models", "src\Waao.Domain.Models\Waao.Domain.Models.csproj", "{AB644E88-1E2E-4625-B365-EA6616135D32}"
EndProject
Project("{FAE04EC0-301F-11D3-BF4B-00C04F79EFBC}") = "Waao.Services.Abstractions", "src\Waao.Services.Abstractions\Waao.Services.Abstractions.csproj", "{7A651640-B8F4-43B5-A4C6-F53F4F7A1AF1}"
EndProject
Project("{FAE04EC0-301F-11D3-BF4B-00C04F79EFBC}") = "Waao.Infra.EF", "src\Waao.Infra.EF\Waao.Infra.EF.csproj", "{D11B10CF-F773-4B25-A8DB-64D3308A673F}"
EndProject
Project("{FAE04EC0-301F-11D3-BF4B-00C04F79EFBC}") = "Waao.Services", "src\Waao.Services\Waao.Services.csproj", "{E3CFB33A-CBB5-40C4-B8F2-C28AD6CD46D6}"
EndProject
Project("{FAE04EC0-301F-11D3-BF4B-00C04F79EFBC}") = "Waao.API", "src\Waao.API\Waao.API.csproj", "{3F5CAF9A-52A8-4EB5-8C63-DE55C729CB57}"
EndProject
Global
	GlobalSection(SolutionConfigurationPlatforms) = preSolution
		Debug|Any CPU = Debug|Any CPU
		Debug|x64 = Debug|x64
		Debug|x86 = Debug|x86
		Release|Any CPU = Release|Any CPU
		Release|x64 = Release|x64
		Release|x86 = Release|x86
	EndGlobalSection
	GlobalSection(ProjectConfigurationPlatforms) = postSolution
		{AB644E88-1E2E-4625-B365-EA6616135D32}.Debug|Any CPU.ActiveCfg = Debug|Any CPU
		{AB644E88-1E2E-4625-B365-EA6616135D32}.Debug|Any CPU.Build.0 = Debug|Any CPU
		{AB644E88-1E2E-4625-B365-EA6616135D32}.Debug|x64.ActiveCfg = Debug|Any CPU
		{AB644E88-1E2E-4625-B365-EA6616135D32}.Debug|x64.Build.0 = Debug|Any CPU
		{AB644E88-1E2E-4625-B365-EA6616135D32}.Debug|x86.ActiveCfg = Debug|Any CPU
		{AB644E88-1E2E-4625-B365-EA6616135D32}.Debug|x86.Build.0 = Debug|Any CPU
		{AB644E88-1E2E-4625-B365-EA6616135D32}.Release|Any CPU.ActiveCfg = Release|Any CPU
		{AB644E88-1E2E-4625-B365-EA6616135D32}.Release|Any CPU.Build.0 = Release|Any CPU
		{AB644E88-1E2E-4625-B365-EA6616135D32}.Release|x64.ActiveCfg = Release|Any CPU
		{AB644E88-1E2E-4625-B365-EA6616135D32}.Release|x64.Build.0 = Release|Any CPU
		{AB644E88-1E2E-4625-B365-EA6616135D32}.Release|x86.ActiveCfg = Release|Any CPU
		{AB644E88-1E2E-4625-B365-EA6616135D32}.Release|x86.Build.0 = Release|Any CPU
		{7A651640-B8F4-43B5-A4C6-F53F4F7A1AF1}.Debug|Any CPU.ActiveCfg = Debug|Any CPU
		{7A651640-B8F4-43B5-A4C6-F53F4F7A1AF1}.Debug|Any CPU.Build.0 = Debug|Any CPU
		{7A651640-B8F4-43B5-A4C6-F53F4F7A1AF1}.Debug|x64.ActiveCfg = Debug|Any CPU
		{7A651640-B8F4-43B5-A4C6-F53F4F7A1AF1}.Debug|x64.Build.0 = Debug|Any CPU
		{7A651640-B8F4-43B5-A4C6-F53F4F7A1AF1}.Debug|x86.ActiveCfg = Debug|Any CPU
		{7A651640-B8F4-43B5-A4C6-F53F4F7A1AF1}.Debug|x86.Build.0 = Debug|Any CPU
		{7A651640-B8F4-43B5-A4C6-F53F4F7A1AF1}.Release|Any CPU.ActiveCfg = Release|Any CPU
		{7A651640-B8F4-43B5-A4C6-F53F4F7A1AF1}.Release|Any CPU.Build.0 = Release|Any CPU
		{7A651640-B8F4-43B5-A4C6-F53F4F7A1AF1}.Release|x64.ActiveCfg = Release|Any CPU
		{7A651640-B8F4-43B5-A4C6-F53F4F7A1AF1}.Release|x64.Build.0 = Release|Any CPU
		{7A651640-B8F4-43B5-A4C6-F53F4F7A1AF1}.Release|x86.ActiveCfg = Release|Any CPU
		{7A651640-B8F4-43B5-A4C6-F53F4F7A1AF1}.Release|x86.Build.0 = Release|Any CPU
		{D11B10CF-F773-4B25-A8DB-64D3308A673F}.Debug|Any CPU.ActiveCfg = Debug|Any CPU
		{D11B10CF-F773-4B25-A8DB-64D3308A673F}.Debug|Any CPU.Build.0 = Debug|Any CPU
		{D11B10CF-F773-4B25-A8DB-64D3308A673F}.Debug|x64.ActiveCfg = Debug|Any CPU
		{D11B10CF-F773-4B25-A8DB-64D3308A673F}.Debug|x64.Build.0 = Debug|Any CPU
		{D11B10CF-F773-4B25-A8DB-64D3308A673F}.Debug|x86.ActiveCfg = Debug|Any CPU
		{D11B10CF-F773-4B25-A8DB-64D3308A673F}.Debug|x86.Build.0 = Debug|Any CPU
		{D11B10CF-F773-4B25-A8DB-64D3308A673F}.Release|Any CPU.ActiveCfg = Release|Any CPU
		{D11B10CF-F773-4B25-A8DB-64D3308A673F}.Release|Any CPU.Build.0 = Release|Any CPU
		{D11B10CF-F773-4B25-A8DB-64D3308A673F}.Release|x64.ActiveCfg = Release|Any CPU
		{D11B10CF-F773-4B25-A8DB-64D3308A673F}.Release|x64.Build.0 = Release|Any CPU
		{D11B10CF-F773-4B25-A8DB-64D3308A673F}.Release|x86.ActiveCfg = Release|Any CPU
		{D11B10CF-F773-4B25-A8DB-64D3308A673F}.Release|x86.Build.0 = Release|Any CPU
		{E3CFB33A-CBB5-40C4-B8F2-C28AD6CD46D6}.Debug|Any CPU.ActiveCfg = Debug|Any CPU
		{E3CFB33A-CBB5-40C4-B8F2-C28AD6CD46D6}.Debug|Any CPU.Build.0 = Debug|Any CPU
		{E3CFB33A-CBB5-40C4-B8F2-C28AD6CD46D6}.Debug|x64.ActiveCfg = Debug|Any CPU
		{E3CFB33A-CBB5-40C4-B8F2-C28AD6CD46D6}.Debug|x64.Build.0 = Debug|Any CPU
		{E3CFB33A-CBB5-40C4-B8F2-C28AD6CD46D6}.Debug|x86.ActiveCfg = Debug|Any CPU
		{E3CFB33A-CBB5-40C4-B8F2-C28AD6CD46D6}.Debug|x86.Build.0 = Debug|Any CPU
		{E3CFB33A-CBB5-40C4-B8F2-C28AD6CD46D6}.Release|Any CPU.ActiveCfg = Release|Any CPU
		{E3CFB33A-CBB5-40C4-B8F2-C28AD6CD46D6}.Release|Any CPU.Build.0 = Release|Any CPU
		{E3CFB33A-CBB5-40C4-B8F2-C28AD6CD46D6}.Release|x64.ActiveCfg = Release|Any CPU
		{E3CFB33A-CBB5-40C4-B8F2-C28AD6CD46D6}.Release|x64.Build.0 = Release|Any CPU
		{E3CFB33A-CBB5-40C4-B8F2-C28AD6CD46D6}.Release|x86.ActiveCfg = Release|Any CPU
		{E3CFB33A-CBB5-40C4-B8F2-C28AD6CD46D6}.Release|x86.Build.0 = Release|Any CPU
		{3F5CAF9A-52A8-4EB5-8C63-DE55C729CB57}.Debug|Any CPU.ActiveCfg = Debug|Any CPU
		{3F5CAF9A-52A8-4EB5-8C63-DE55C729CB57}.Debug|Any CPU.Build.0 = Debug|Any CPU
		{3F5CAF9A-52A8-4EB5-8C63-DE55C729CB57}.Debug|x64.ActiveCfg = Debug|Any CPU
		{3F5CAF9A-52A8-4EB5-8C63-DE55C729CB57}.Debug|x64.Build.0 = Debug|Any CPU
		{3F5CAF9A-52A8-4EB5-8C63-DE55C729CB57}.Debug|x86.ActiveCfg = Debug|Any CPU
		{3F5CAF9A-52A8-4EB5-8C63-DE55C729CB57}.Debug|x86.Build.0 = Debug|Any CPU
		{3F5CAF9A-52A8-4EB5-8C63-DE55C729CB57}.Release|Any CPU.ActiveCfg = Release|Any CPU
		{3F5CAF9A-52A8-4EB5-8C63-DE55C729CB57}.Release|Any CPU.Build.0 = Release|Any CPU
		{3F5CAF9A-52A8-4EB5-8C63-DE55C729CB57}.Release|x64.ActiveCfg = Release|Any CPU
		{3F5CAF9A-52A8-4EB5-8C63-DE55C729CB57}.Release|x64.Build.0 = Release|Any CPU
		{3F5CAF9A-52A8-4EB5-8C63-DE55C729CB57}.Release|x86.ActiveCfg = Release|Any CPU
		{3F5CAF9A-52A8-4EB5-8C63-DE55C729CB57}.Release|x86.Build.0 = Release|Any CPU
	EndGlobalSection
	GlobalSection(SolutionProperties) = preSolution
		HideSolutionNode = FALSE
	EndGlobalSection
	GlobalSection(NestedProjects) = preSolution
		{AB644E88-1E2E-4625-B365-EA6616135D32} = {827E0CD3-B72D-47B6-A68D-7590B98EB39B}
		{7A651640-B8F4-43B5-A4C6-F53F4F7A1AF1} = {827E0CD3-B72D-47B6-A68D-7590B98EB39B}
		{D11B10CF-F773-4B25-A8DB-64D3308A673F} = {827E0CD3-B72D-47B6-A68D-7590B98EB39B}
		{E3CFB33A-CBB5-40C4-B8F2-C28AD6CD46D6} = {827E0CD3-B72D-47B6-A68D-7590B98EB39B}
		{3F5CAF9A-52A8-4EB5-8C63-DE55C729CB57} = {827E0CD3-B72D-47B6-A68D-7590B98EB39B}
	EndGlobalSection
EndGlobal
